
Microsoft Visual Studio Solution File, Format Version 12.00
# Visual Studio 15
VisualStudioVersion = 15.0.26124.0
MinimumVisualStudioVersion = 15.0.26124.0
Project("{FAE04EC0-301F-11D3-BF4B-00C04F79EFBC}") = "GameTOP", "GameTOP\GameTOP.csproj", "{4EC20081-C042-4C6E-855B-6AA077C6B660}"
EndProject
Project("{FAE04EC0-301F-11D3-BF4B-00C04F79EFBC}") = "GameTOP.Lib", "GameTOP.Lib\GameTOP.Lib.csproj", "{C7FBAA64-EE45-4980-9B83-EBE0054D6449}"
EndProject
Project("{FAE04EC0-301F-11D3-BF4B-00C04F79EFBC}") = "GameTOP.Interface", "GameTOP.Interface\GameTOP.Interface.csproj", "{24DD3C49-6960-432F-A64D-600533CA134E}"
EndProject
Global
	GlobalSection(SolutionConfigurationPlatforms) = preSolution
		Debug|Any CPU = Debug|Any CPU
		Debug|x64 = Debug|x64
		Debug|x86 = Debug|x86
		Release|Any CPU = Release|Any CPU
		Release|x64 = Release|x64
		Release|x86 = Release|x86
	EndGlobalSection
	GlobalSection(SolutionProperties) = preSolution
		HideSolutionNode = FALSE
	EndGlobalSection
	GlobalSection(ProjectConfigurationPlatforms) = postSolution
		{4EC20081-C042-4C6E-855B-6AA077C6B660}.Debug|Any CPU.ActiveCfg = Debug|Any CPU
		{4EC20081-C042-4C6E-855B-6AA077C6B660}.Debug|Any CPU.Build.0 = Debug|Any CPU
		{4EC20081-C042-4C6E-855B-6AA077C6B660}.Debug|x64.ActiveCfg = Debug|Any CPU
		{4EC20081-C042-4C6E-855B-6AA077C6B660}.Debug|x64.Build.0 = Debug|Any CPU
		{4EC20081-C042-4C6E-855B-6AA077C6B660}.Debug|x86.ActiveCfg = Debug|Any CPU
		{4EC20081-C042-4C6E-855B-6AA077C6B660}.Debug|x86.Build.0 = Debug|Any CPU
		{4EC20081-C042-4C6E-855B-6AA077C6B660}.Release|Any CPU.ActiveCfg = Release|Any CPU
		{4EC20081-C042-4C6E-855B-6AA077C6B660}.Release|Any CPU.Build.0 = Release|Any CPU
		{4EC20081-C042-4C6E-855B-6AA077C6B660}.Release|x64.ActiveCfg = Release|Any CPU
		{4EC20081-C042-4C6E-855B-6AA077C6B660}.Release|x64.Build.0 = Release|Any CPU
		{4EC20081-C042-4C6E-855B-6AA077C6B660}.Release|x86.ActiveCfg = Release|Any CPU
		{4EC20081-C042-4C6E-855B-6AA077C6B660}.Release|x86.Build.0 = Release|Any CPU
		{C7FBAA64-EE45-4980-9B83-EBE0054D6449}.Debug|Any CPU.ActiveCfg = Debug|Any CPU
		{C7FBAA64-EE45-4980-9B83-EBE0054D6449}.Debug|Any CPU.Build.0 = Debug|Any CPU
		{C7FBAA64-EE45-4980-9B83-EBE0054D6449}.Debug|x64.ActiveCfg = Debug|Any CPU
		{C7FBAA64-EE45-4980-9B83-EBE0054D6449}.Debug|x64.Build.0 = Debug|Any CPU
		{C7FBAA64-EE45-4980-9B83-EBE0054D6449}.Debug|x86.ActiveCfg = Debug|Any CPU
		{C7FBAA64-EE45-4980-9B83-EBE0054D6449}.Debug|x86.Build.0 = Debug|Any CPU
		{C7FBAA64-EE45-4980-9B83-EBE0054D6449}.Release|Any CPU.ActiveCfg = Release|Any CPU
		{C7FBAA64-EE45-4980-9B83-EBE0054D6449}.Release|Any CPU.Build.0 = Release|Any CPU
		{C7FBAA64-EE45-4980-9B83-EBE0054D6449}.Release|x64.ActiveCfg = Release|Any CPU
		{C7FBAA64-EE45-4980-9B83-EBE0054D6449}.Release|x64.Build.0 = Release|Any CPU
		{C7FBAA64-EE45-4980-9B83-EBE0054D6449}.Release|x86.ActiveCfg = Release|Any CPU
		{C7FBAA64-EE45-4980-9B83-EBE0054D6449}.Release|x86.Build.0 = Release|Any CPU
		{24DD3C49-6960-432F-A64D-600533CA134E}.Debug|Any CPU.ActiveCfg = Debug|Any CPU
		{24DD3C49-6960-432F-A64D-600533CA134E}.Debug|Any CPU.Build.0 = Debug|Any CPU
		{24DD3C49-6960-432F-A64D-600533CA134E}.Debug|x64.ActiveCfg = Debug|Any CPU
		{24DD3C49-6960-432F-A64D-600533CA134E}.Debug|x64.Build.0 = Debug|Any CPU
		{24DD3C49-6960-432F-A64D-600533CA134E}.Debug|x86.ActiveCfg = Debug|Any CPU
		{24DD3C49-6960-432F-A64D-600533CA134E}.Debug|x86.Build.0 = Debug|Any CPU
		{24DD3C49-6960-432F-A64D-600533CA134E}.Release|Any CPU.ActiveCfg = Release|Any CPU
		{24DD3C49-6960-432F-A64D-600533CA134E}.Release|Any CPU.Build.0 = Release|Any CPU
		{24DD3C49-6960-432F-A64D-600533CA134E}.Release|x64.ActiveCfg = Release|Any CPU
		{24DD3C49-6960-432F-A64D-600533CA134E}.Release|x64.Build.0 = Release|Any CPU
		{24DD3C49-6960-432F-A64D-600533CA134E}.Release|x86.ActiveCfg = Release|Any CPU
		{24DD3C49-6960-432F-A64D-600533CA134E}.Release|x86.Build.0 = Release|Any CPU
	EndGlobalSection
EndGlobal
